
Microsoft Visual Studio Solution File, Format Version 12.00
# Visual Studio Version 16
VisualStudioVersion = 16.0.31019.35
MinimumVisualStudioVersion = 10.0.40219.1
Project("{FAE04EC0-301F-11D3-BF4B-00C04F79EFBC}") = "MyShelf", "MyShelf\MyShelf.csproj", "{70C77C62-A082-45AA-9A84-9AFFAA7A6C0E}"
EndProject
Global
	GlobalSection(SolutionConfigurationPlatforms) = preSolution
		Debug|Any CPU = Debug|Any CPU
		Release|Any CPU = Release|Any CPU
	EndGlobalSection
	GlobalSection(ProjectConfigurationPlatforms) = postSolution
		{70C77C62-A082-45AA-9A84-9AFFAA7A6C0E}.Debug|Any CPU.ActiveCfg = Debug|Any CPU
		{70C77C62-A082-45AA-9A84-9AFFAA7A6C0E}.Debug|Any CPU.Build.0 = Debug|Any CPU
		{70C77C62-A082-45AA-9A84-9AFFAA7A6C0E}.Release|Any CPU.ActiveCfg = Release|Any CPU
		{70C77C62-A082-45AA-9A84-9AFFAA7A6C0E}.Release|Any CPU.Build.0 = Release|Any CPU
	EndGlobalSection
	GlobalSection(SolutionProperties) = preSolution
		HideSolutionNode = FALSE
	EndGlobalSection
	GlobalSection(ExtensibilityGlobals) = postSolution
		SolutionGuid = {F81652D6-83AA-4892-A164-AAA71284AF00}
	EndGlobalSection
EndGlobal
